// !$*UTF8*$!
{
	archiveVersion = 1;
	classes = {
	};
	objectVersion = 55;
	objects = {

/* Begin PBXBuildFile section */
		3526B82C28CF7B6C007C2C49 /* HomeController.swift in Sources */ = {isa = PBXBuildFile; fileRef = 3526B82B28CF7B6C007C2C49 /* HomeController.swift */; };
		3526B83028CF7E8E007C2C49 /* LastListenedPLaylistCollectionCell.swift in Sources */ = {isa = PBXBuildFile; fileRef = 3526B82E28CF7E8D007C2C49 /* LastListenedPLaylistCollectionCell.swift */; };
		3526B83128CF7E8E007C2C49 /* LastListenedPLaylistCollectionCell.xib in Resources */ = {isa = PBXBuildFile; fileRef = 3526B82F28CF7E8E007C2C49 /* LastListenedPLaylistCollectionCell.xib */; };
		3526B83328CF83BF007C2C49 /* UIImageView + Ext.swift in Sources */ = {isa = PBXBuildFile; fileRef = 3526B83228CF83BF007C2C49 /* UIImageView + Ext.swift */; };
		3526B83528CF8493007C2C49 /* HomeViewModel.swift in Sources */ = {isa = PBXBuildFile; fileRef = 3526B83428CF8493007C2C49 /* HomeViewModel.swift */; };
		3526B83928CF84DE007C2C49 /* PlaylistImageAndName.swift in Sources */ = {isa = PBXBuildFile; fileRef = 3526B83828CF84DE007C2C49 /* PlaylistImageAndName.swift */; };
		3535280028C7AD89004A76D5 /* GoogleService-Info.plist in Resources */ = {isa = PBXBuildFile; fileRef = 353527FF28C7AD89004A76D5 /* GoogleService-Info.plist */; };
		354650A428C7AA0D00C647FB /* AppDelegate.swift in Sources */ = {isa = PBXBuildFile; fileRef = 354650A328C7AA0D00C647FB /* AppDelegate.swift */; };
		354650A628C7AA0D00C647FB /* SceneDelegate.swift in Sources */ = {isa = PBXBuildFile; fileRef = 354650A528C7AA0D00C647FB /* SceneDelegate.swift */; };
		354650AB28C7AA0D00C647FB /* Main.storyboard in Resources */ = {isa = PBXBuildFile; fileRef = 354650A928C7AA0D00C647FB /* Main.storyboard */; };
		354650AE28C7AA0D00C647FB /* Spotify.xcdatamodeld in Sources */ = {isa = PBXBuildFile; fileRef = 354650AC28C7AA0D00C647FB /* Spotify.xcdatamodeld */; };
		354650B028C7AA0F00C647FB /* Assets.xcassets in Resources */ = {isa = PBXBuildFile; fileRef = 354650AF28C7AA0F00C647FB /* Assets.xcassets */; };
		354650B328C7AA0F00C647FB /* LaunchScreen.storyboard in Resources */ = {isa = PBXBuildFile; fileRef = 354650B128C7AA0F00C647FB /* LaunchScreen.storyboard */; };
		357436E928CFCF2B003BB648 /* PlaylistController.swift in Sources */ = {isa = PBXBuildFile; fileRef = 357436E828CFCF2B003BB648 /* PlaylistController.swift */; };
		357436EB28CFCF3F003BB648 /* PlaylistViewModel.swift in Sources */ = {isa = PBXBuildFile; fileRef = 357436EA28CFCF3F003BB648 /* PlaylistViewModel.swift */; };
		357436EF28D04B5C003BB648 /* SongImageNameArtistCell.swift in Sources */ = {isa = PBXBuildFile; fileRef = 357436ED28D04B5C003BB648 /* SongImageNameArtistCell.swift */; };
		357436F028D04B5C003BB648 /* SongImageNameArtistCell.xib in Resources */ = {isa = PBXBuildFile; fileRef = 357436EE28D04B5C003BB648 /* SongImageNameArtistCell.xib */; };
		357436F228D04F7E003BB648 /* SongModel.swift in Sources */ = {isa = PBXBuildFile; fileRef = 357436F128D04F7E003BB648 /* SongModel.swift */; };
		9672660C441702FD6EABB2A5 /* Pods_Spotify.framework in Frameworks */ = {isa = PBXBuildFile; fileRef = 2CCEB8CCAD128B33719B1B41 /* Pods_Spotify.framework */; };
/* End PBXBuildFile section */

/* Begin PBXFileReference section */
		27A12E816DA269D75885C41F /* Pods-Spotify.release.xcconfig */ = {isa = PBXFileReference; includeInIndex = 1; lastKnownFileType = text.xcconfig; name = "Pods-Spotify.release.xcconfig"; path = "Target Support Files/Pods-Spotify/Pods-Spotify.release.xcconfig"; sourceTree = "<group>"; };
		2CCEB8CCAD128B33719B1B41 /* Pods_Spotify.framework */ = {isa = PBXFileReference; explicitFileType = wrapper.framework; includeInIndex = 0; path = Pods_Spotify.framework; sourceTree = BUILT_PRODUCTS_DIR; };
		3526B82B28CF7B6C007C2C49 /* HomeController.swift */ = {isa = PBXFileReference; lastKnownFileType = sourcecode.swift; path = HomeController.swift; sourceTree = "<group>"; };
		3526B82E28CF7E8D007C2C49 /* LastListenedPLaylistCollectionCell.swift */ = {isa = PBXFileReference; lastKnownFileType = sourcecode.swift; path = LastListenedPLaylistCollectionCell.swift; sourceTree = "<group>"; };
		3526B82F28CF7E8E007C2C49 /* LastListenedPLaylistCollectionCell.xib */ = {isa = PBXFileReference; lastKnownFileType = file.xib; path = LastListenedPLaylistCollectionCell.xib; sourceTree = "<group>"; };
		3526B83228CF83BF007C2C49 /* UIImageView + Ext.swift */ = {isa = PBXFileReference; lastKnownFileType = sourcecode.swift; path = "UIImageView + Ext.swift"; sourceTree = "<group>"; };
		3526B83428CF8493007C2C49 /* HomeViewModel.swift */ = {isa = PBXFileReference; lastKnownFileType = sourcecode.swift; path = HomeViewModel.swift; sourceTree = "<group>"; };
		3526B83828CF84DE007C2C49 /* PlaylistImageAndName.swift */ = {isa = PBXFileReference; lastKnownFileType = sourcecode.swift; path = PlaylistImageAndName.swift; sourceTree = "<group>"; };
		353527FF28C7AD89004A76D5 /* GoogleService-Info.plist */ = {isa = PBXFileReference; fileEncoding = 4; lastKnownFileType = text.plist.xml; path = "GoogleService-Info.plist"; sourceTree = "<group>"; };
		354650A028C7AA0D00C647FB /* Spotify.app */ = {isa = PBXFileReference; explicitFileType = wrapper.application; includeInIndex = 0; path = Spotify.app; sourceTree = BUILT_PRODUCTS_DIR; };
		354650A328C7AA0D00C647FB /* AppDelegate.swift */ = {isa = PBXFileReference; lastKnownFileType = sourcecode.swift; path = AppDelegate.swift; sourceTree = "<group>"; };
		354650A528C7AA0D00C647FB /* SceneDelegate.swift */ = {isa = PBXFileReference; lastKnownFileType = sourcecode.swift; path = SceneDelegate.swift; sourceTree = "<group>"; };
		354650AA28C7AA0D00C647FB /* Base */ = {isa = PBXFileReference; lastKnownFileType = file.storyboard; name = Base; path = Base.lproj/Main.storyboard; sourceTree = "<group>"; };
		354650AD28C7AA0D00C647FB /* Spotify.xcdatamodel */ = {isa = PBXFileReference; lastKnownFileType = wrapper.xcdatamodel; path = Spotify.xcdatamodel; sourceTree = "<group>"; };
		354650AF28C7AA0F00C647FB /* Assets.xcassets */ = {isa = PBXFileReference; lastKnownFileType = folder.assetcatalog; path = Assets.xcassets; sourceTree = "<group>"; };
		354650B228C7AA0F00C647FB /* Base */ = {isa = PBXFileReference; lastKnownFileType = file.storyboard; name = Base; path = Base.lproj/LaunchScreen.storyboard; sourceTree = "<group>"; };
		354650B428C7AA0F00C647FB /* Info.plist */ = {isa = PBXFileReference; lastKnownFileType = text.plist.xml; path = Info.plist; sourceTree = "<group>"; };
		357436E828CFCF2B003BB648 /* PlaylistController.swift */ = {isa = PBXFileReference; lastKnownFileType = sourcecode.swift; path = PlaylistController.swift; sourceTree = "<group>"; };
		357436EA28CFCF3F003BB648 /* PlaylistViewModel.swift */ = {isa = PBXFileReference; lastKnownFileType = sourcecode.swift; path = PlaylistViewModel.swift; sourceTree = "<group>"; };
		357436ED28D04B5C003BB648 /* SongImageNameArtistCell.swift */ = {isa = PBXFileReference; lastKnownFileType = sourcecode.swift; path = SongImageNameArtistCell.swift; sourceTree = "<group>"; };
		357436EE28D04B5C003BB648 /* SongImageNameArtistCell.xib */ = {isa = PBXFileReference; lastKnownFileType = file.xib; path = SongImageNameArtistCell.xib; sourceTree = "<group>"; };
		357436F128D04F7E003BB648 /* SongModel.swift */ = {isa = PBXFileReference; lastKnownFileType = sourcecode.swift; path = SongModel.swift; sourceTree = "<group>"; };
		D54D357C41CC5C7F4E117A0B /* Pods-Spotify.debug.xcconfig */ = {isa = PBXFileReference; includeInIndex = 1; lastKnownFileType = text.xcconfig; name = "Pods-Spotify.debug.xcconfig"; path = "Target Support Files/Pods-Spotify/Pods-Spotify.debug.xcconfig"; sourceTree = "<group>"; };
/* End PBXFileReference section */

/* Begin PBXFrameworksBuildPhase section */
		3546509D28C7AA0D00C647FB /* Frameworks */ = {
			isa = PBXFrameworksBuildPhase;
			buildActionMask = 2147483647;
			files = (
				9672660C441702FD6EABB2A5 /* Pods_Spotify.framework in Frameworks */,
			);
			runOnlyForDeploymentPostprocessing = 0;
		};
/* End PBXFrameworksBuildPhase section */

/* Begin PBXGroup section */
		3526B82728CF7B0C007C2C49 /* Model */ = {
			isa = PBXGroup;
			children = (
				3526B83828CF84DE007C2C49 /* PlaylistImageAndName.swift */,
			);
			path = Model;
			sourceTree = "<group>";
		};
		3526B82928CF7B19007C2C49 /* ViewModel */ = {
			isa = PBXGroup;
			children = (
				3526B83428CF8493007C2C49 /* HomeViewModel.swift */,
			);
			path = ViewModel;
			sourceTree = "<group>";
		};
		3526B82A28CF7B28007C2C49 /* View */ = {
			isa = PBXGroup;
			children = (
				3526B82D28CF7DC2007C2C49 /* Cells */,
				3526B82B28CF7B6C007C2C49 /* HomeController.swift */,
			);
			path = View;
			sourceTree = "<group>";
		};
		3526B82D28CF7DC2007C2C49 /* Cells */ = {
			isa = PBXGroup;
			children = (
				3526B82E28CF7E8D007C2C49 /* LastListenedPLaylistCollectionCell.swift */,
				3526B82F28CF7E8E007C2C49 /* LastListenedPLaylistCollectionCell.xib */,
			);
			path = Cells;
			sourceTree = "<group>";
		};
		3526B83A28CFA43F007C2C49 /* Home */ = {
			isa = PBXGroup;
			children = (
				3526B82A28CF7B28007C2C49 /* View */,
				3526B82928CF7B19007C2C49 /* ViewModel */,
				3526B82728CF7B0C007C2C49 /* Model */,
			);
			path = Home;
			sourceTree = "<group>";
		};
		3526B83B28CFCE37007C2C49 /* Playlist */ = {
			isa = PBXGroup;
			children = (
				3526B83C28CFCE57007C2C49 /* View */,
				3526B83D28CFCE5B007C2C49 /* ViewModel */,
				3526B83E28CFCE62007C2C49 /* Model */,
			);
			path = Playlist;
			sourceTree = "<group>";
		};
		3526B83C28CFCE57007C2C49 /* View */ = {
			isa = PBXGroup;
			children = (
				357436EC28D04B27003BB648 /* Cells */,
				357436E828CFCF2B003BB648 /* PlaylistController.swift */,
			);
			path = View;
			sourceTree = "<group>";
		};
		3526B83D28CFCE5B007C2C49 /* ViewModel */ = {
			isa = PBXGroup;
			children = (
				357436EA28CFCF3F003BB648 /* PlaylistViewModel.swift */,
			);
			path = ViewModel;
			sourceTree = "<group>";
		};
		3526B83E28CFCE62007C2C49 /* Model */ = {
			isa = PBXGroup;
			children = (
				357436F128D04F7E003BB648 /* SongModel.swift */,
			);
			path = Model;
			sourceTree = "<group>";
		};
		3546509728C7AA0D00C647FB = {
			isa = PBXGroup;
			children = (
				354650A228C7AA0D00C647FB /* Spotify */,
				354650A128C7AA0D00C647FB /* Products */,
				6B25388C08950DB779406EAC /* Pods */,
				3C812FA26299352F4A6DDFC4 /* Frameworks */,
			);
			sourceTree = "<group>";
		};
		354650A128C7AA0D00C647FB /* Products */ = {
			isa = PBXGroup;
			children = (
				354650A028C7AA0D00C647FB /* Spotify.app */,
			);
			name = Products;
			sourceTree = "<group>";
		};
		354650A228C7AA0D00C647FB /* Spotify */ = {
			isa = PBXGroup;
			children = (
				354650A328C7AA0D00C647FB /* AppDelegate.swift */,
				354650A528C7AA0D00C647FB /* SceneDelegate.swift */,
				3561E8F528C7AECB00ACBCA8 /* Scenes */,
				3561E8F428C7AEC200ACBCA8 /* Helper */,
				3561E8F328C7AEB900ACBCA8 /* Network */,
				354650A928C7AA0D00C647FB /* Main.storyboard */,
				354650AF28C7AA0F00C647FB /* Assets.xcassets */,
				354650B128C7AA0F00C647FB /* LaunchScreen.storyboard */,
				354650B428C7AA0F00C647FB /* Info.plist */,
				354650AC28C7AA0D00C647FB /* Spotify.xcdatamodeld */,
				353527FF28C7AD89004A76D5 /* GoogleService-Info.plist */,
			);
			path = Spotify;
			sourceTree = "<group>";
		};
		3561E8F328C7AEB900ACBCA8 /* Network */ = {
			isa = PBXGroup;
			children = (
			);
			path = Network;
			sourceTree = "<group>";
		};
		3561E8F428C7AEC200ACBCA8 /* Helper */ = {
			isa = PBXGroup;
			children = (
				3526B83228CF83BF007C2C49 /* UIImageView + Ext.swift */,
			);
			path = Helper;
			sourceTree = "<group>";
		};
		3561E8F528C7AECB00ACBCA8 /* Scenes */ = {
			isa = PBXGroup;
			children = (
				3526B83B28CFCE37007C2C49 /* Playlist */,
				3526B83A28CFA43F007C2C49 /* Home */,
			);
			path = Scenes;
			sourceTree = "<group>";
		};
		357436EC28D04B27003BB648 /* Cells */ = {
			isa = PBXGroup;
			children = (
				357436ED28D04B5C003BB648 /* SongImageNameArtistCell.swift */,
				357436EE28D04B5C003BB648 /* SongImageNameArtistCell.xib */,
			);
			path = Cells;
			sourceTree = "<group>";
		};
		3C812FA26299352F4A6DDFC4 /* Frameworks */ = {
			isa = PBXGroup;
			children = (
				2CCEB8CCAD128B33719B1B41 /* Pods_Spotify.framework */,
			);
			name = Frameworks;
			sourceTree = "<group>";
		};
		6B25388C08950DB779406EAC /* Pods */ = {
			isa = PBXGroup;
			children = (
				D54D357C41CC5C7F4E117A0B /* Pods-Spotify.debug.xcconfig */,
				27A12E816DA269D75885C41F /* Pods-Spotify.release.xcconfig */,
			);
			path = Pods;
			sourceTree = "<group>";
		};
/* End PBXGroup section */

/* Begin PBXNativeTarget section */
		3546509F28C7AA0D00C647FB /* Spotify */ = {
			isa = PBXNativeTarget;
			buildConfigurationList = 354650B728C7AA0F00C647FB /* Build configuration list for PBXNativeTarget "Spotify" */;
			buildPhases = (
				4CF869E2EFBC8AC1F390F28A /* [CP] Check Pods Manifest.lock */,
				3546509C28C7AA0D00C647FB /* Sources */,
				3546509D28C7AA0D00C647FB /* Frameworks */,
				3546509E28C7AA0D00C647FB /* Resources */,
				4B1A5A8C2918DC9AFB8B2E3B /* [CP] Embed Pods Frameworks */,
			);
			buildRules = (
			);
			dependencies = (
			);
			name = Spotify;
			productName = Spotify;
			productReference = 354650A028C7AA0D00C647FB /* Spotify.app */;
			productType = "com.apple.product-type.application";
		};
/* End PBXNativeTarget section */

/* Begin PBXProject section */
		3546509828C7AA0D00C647FB /* Project object */ = {
			isa = PBXProject;
			attributes = {
				BuildIndependentTargetsInParallel = 1;
				LastSwiftUpdateCheck = 1400;
				LastUpgradeCheck = 1400;
				TargetAttributes = {
					3546509F28C7AA0D00C647FB = {
						CreatedOnToolsVersion = 14.0;
					};
				};
			};
			buildConfigurationList = 3546509B28C7AA0D00C647FB /* Build configuration list for PBXProject "Spotify" */;
			compatibilityVersion = "Xcode 13.0";
			developmentRegion = en;
			hasScannedForEncodings = 0;
			knownRegions = (
				en,
				Base,
			);
			mainGroup = 3546509728C7AA0D00C647FB;
			productRefGroup = 354650A128C7AA0D00C647FB /* Products */;
			projectDirPath = "";
			projectRoot = "";
			targets = (
				3546509F28C7AA0D00C647FB /* Spotify */,
			);
		};
/* End PBXProject section */

/* Begin PBXResourcesBuildPhase section */
		3546509E28C7AA0D00C647FB /* Resources */ = {
			isa = PBXResourcesBuildPhase;
			buildActionMask = 2147483647;
			files = (
				354650B328C7AA0F00C647FB /* LaunchScreen.storyboard in Resources */,
				3535280028C7AD89004A76D5 /* GoogleService-Info.plist in Resources */,
				354650B028C7AA0F00C647FB /* Assets.xcassets in Resources */,
				3526B83128CF7E8E007C2C49 /* LastListenedPLaylistCollectionCell.xib in Resources */,
				357436F028D04B5C003BB648 /* SongImageNameArtistCell.xib in Resources */,
				354650AB28C7AA0D00C647FB /* Main.storyboard in Resources */,
			);
			runOnlyForDeploymentPostprocessing = 0;
		};
/* End PBXResourcesBuildPhase section */

/* Begin PBXShellScriptBuildPhase section */
		4B1A5A8C2918DC9AFB8B2E3B /* [CP] Embed Pods Frameworks */ = {
			isa = PBXShellScriptBuildPhase;
			buildActionMask = 2147483647;
			files = (
			);
			inputFileListPaths = (
				"${PODS_ROOT}/Target Support Files/Pods-Spotify/Pods-Spotify-frameworks-${CONFIGURATION}-input-files.xcfilelist",
			);
			name = "[CP] Embed Pods Frameworks";
			outputFileListPaths = (
				"${PODS_ROOT}/Target Support Files/Pods-Spotify/Pods-Spotify-frameworks-${CONFIGURATION}-output-files.xcfilelist",
			);
			runOnlyForDeploymentPostprocessing = 0;
			shellPath = /bin/sh;
			shellScript = "\"${PODS_ROOT}/Target Support Files/Pods-Spotify/Pods-Spotify-frameworks.sh\"\n";
			showEnvVarsInLog = 0;
		};
		4CF869E2EFBC8AC1F390F28A /* [CP] Check Pods Manifest.lock */ = {
			isa = PBXShellScriptBuildPhase;
			buildActionMask = 2147483647;
			files = (
			);
			inputFileListPaths = (
			);
			inputPaths = (
				"${PODS_PODFILE_DIR_PATH}/Podfile.lock",
				"${PODS_ROOT}/Manifest.lock",
			);
			name = "[CP] Check Pods Manifest.lock";
			outputFileListPaths = (
			);
			outputPaths = (
				"$(DERIVED_FILE_DIR)/Pods-Spotify-checkManifestLockResult.txt",
			);
			runOnlyForDeploymentPostprocessing = 0;
			shellPath = /bin/sh;
			shellScript = "diff \"${PODS_PODFILE_DIR_PATH}/Podfile.lock\" \"${PODS_ROOT}/Manifest.lock\" > /dev/null\nif [ $? != 0 ] ; then\n    # print error to STDERR\n    echo \"error: The sandbox is not in sync with the Podfile.lock. Run 'pod install' or update your CocoaPods installation.\" >&2\n    exit 1\nfi\n# This output is used by Xcode 'outputs' to avoid re-running this script phase.\necho \"SUCCESS\" > \"${SCRIPT_OUTPUT_FILE_0}\"\n";
			showEnvVarsInLog = 0;
		};
/* End PBXShellScriptBuildPhase section */

/* Begin PBXSourcesBuildPhase section */
		3546509C28C7AA0D00C647FB /* Sources */ = {
			isa = PBXSourcesBuildPhase;
			buildActionMask = 2147483647;
			files = (
				3526B83028CF7E8E007C2C49 /* LastListenedPLaylistCollectionCell.swift in Sources */,
				357436EF28D04B5C003BB648 /* SongImageNameArtistCell.swift in Sources */,
				3526B82C28CF7B6C007C2C49 /* HomeController.swift in Sources */,
				357436EB28CFCF3F003BB648 /* PlaylistViewModel.swift in Sources */,
				3526B83528CF8493007C2C49 /* HomeViewModel.swift in Sources */,
				354650A428C7AA0D00C647FB /* AppDelegate.swift in Sources */,
				357436F228D04F7E003BB648 /* SongModel.swift in Sources */,
				354650AE28C7AA0D00C647FB /* Spotify.xcdatamodeld in Sources */,
				3526B83328CF83BF007C2C49 /* UIImageView + Ext.swift in Sources */,
				3526B83928CF84DE007C2C49 /* PlaylistImageAndName.swift in Sources */,
				354650A628C7AA0D00C647FB /* SceneDelegate.swift in Sources */,
				357436E928CFCF2B003BB648 /* PlaylistController.swift in Sources */,
			);
			runOnlyForDeploymentPostprocessing = 0;
		};
/* End PBXSourcesBuildPhase section */

/* Begin PBXVariantGroup section */
		354650A928C7AA0D00C647FB /* Main.storyboard */ = {
			isa = PBXVariantGroup;
			children = (
				354650AA28C7AA0D00C647FB /* Base */,
			);
			name = Main.storyboard;
			sourceTree = "<group>";
		};
		354650B128C7AA0F00C647FB /* LaunchScreen.storyboard */ = {
			isa = PBXVariantGroup;
			children = (
				354650B228C7AA0F00C647FB /* Base */,
			);
			name = LaunchScreen.storyboard;
			sourceTree = "<group>";
		};
/* End PBXVariantGroup section */

/* Begin XCBuildConfiguration section */
		354650B528C7AA0F00C647FB /* Debug */ = {
			isa = XCBuildConfiguration;
			buildSettings = {
				ALWAYS_SEARCH_USER_PATHS = NO;
				CLANG_ANALYZER_NONNULL = YES;
				CLANG_ANALYZER_NUMBER_OBJECT_CONVERSION = YES_AGGRESSIVE;
				CLANG_CXX_LANGUAGE_STANDARD = "gnu++17";
				CLANG_ENABLE_MODULES = YES;
				CLANG_ENABLE_OBJC_ARC = YES;
				CLANG_ENABLE_OBJC_WEAK = YES;
				CLANG_WARN_BLOCK_CAPTURE_AUTORELEASING = YES;
				CLANG_WARN_BOOL_CONVERSION = YES;
				CLANG_WARN_COMMA = YES;
				CLANG_WARN_CONSTANT_CONVERSION = YES;
				CLANG_WARN_DEPRECATED_OBJC_IMPLEMENTATIONS = YES;
				CLANG_WARN_DIRECT_OBJC_ISA_USAGE = YES_ERROR;
				CLANG_WARN_DOCUMENTATION_COMMENTS = YES;
				CLANG_WARN_EMPTY_BODY = YES;
				CLANG_WARN_ENUM_CONVERSION = YES;
				CLANG_WARN_INFINITE_RECURSION = YES;
				CLANG_WARN_INT_CONVERSION = YES;
				CLANG_WARN_NON_LITERAL_NULL_CONVERSION = YES;
				CLANG_WARN_OBJC_IMPLICIT_RETAIN_SELF = YES;
				CLANG_WARN_OBJC_LITERAL_CONVERSION = YES;
				CLANG_WARN_OBJC_ROOT_CLASS = YES_ERROR;
				CLANG_WARN_QUOTED_INCLUDE_IN_FRAMEWORK_HEADER = YES;
				CLANG_WARN_RANGE_LOOP_ANALYSIS = YES;
				CLANG_WARN_STRICT_PROTOTYPES = YES;
				CLANG_WARN_SUSPICIOUS_MOVE = YES;
				CLANG_WARN_UNGUARDED_AVAILABILITY = YES_AGGRESSIVE;
				CLANG_WARN_UNREACHABLE_CODE = YES;
				CLANG_WARN__DUPLICATE_METHOD_MATCH = YES;
				COPY_PHASE_STRIP = NO;
				DEBUG_INFORMATION_FORMAT = dwarf;
				ENABLE_STRICT_OBJC_MSGSEND = YES;
				ENABLE_TESTABILITY = YES;
				GCC_C_LANGUAGE_STANDARD = gnu11;
				GCC_DYNAMIC_NO_PIC = NO;
				GCC_NO_COMMON_BLOCKS = YES;
				GCC_OPTIMIZATION_LEVEL = 0;
				GCC_PREPROCESSOR_DEFINITIONS = (
					"DEBUG=1",
					"$(inherited)",
				);
				GCC_WARN_64_TO_32_BIT_CONVERSION = YES;
				GCC_WARN_ABOUT_RETURN_TYPE = YES_ERROR;
				GCC_WARN_UNDECLARED_SELECTOR = YES;
				GCC_WARN_UNINITIALIZED_AUTOS = YES_AGGRESSIVE;
				GCC_WARN_UNUSED_FUNCTION = YES;
				GCC_WARN_UNUSED_VARIABLE = YES;
				IPHONEOS_DEPLOYMENT_TARGET = 14.0;
				MTL_ENABLE_DEBUG_INFO = INCLUDE_SOURCE;
				MTL_FAST_MATH = YES;
				ONLY_ACTIVE_ARCH = YES;
				SDKROOT = iphoneos;
				SWIFT_ACTIVE_COMPILATION_CONDITIONS = DEBUG;
				SWIFT_OPTIMIZATION_LEVEL = "-Onone";
			};
			name = Debug;
		};
		354650B628C7AA0F00C647FB /* Release */ = {
			isa = XCBuildConfiguration;
			buildSettings = {
				ALWAYS_SEARCH_USER_PATHS = NO;
				CLANG_ANALYZER_NONNULL = YES;
				CLANG_ANALYZER_NUMBER_OBJECT_CONVERSION = YES_AGGRESSIVE;
				CLANG_CXX_LANGUAGE_STANDARD = "gnu++17";
				CLANG_ENABLE_MODULES = YES;
				CLANG_ENABLE_OBJC_ARC = YES;
				CLANG_ENABLE_OBJC_WEAK = YES;
				CLANG_WARN_BLOCK_CAPTURE_AUTORELEASING = YES;
				CLANG_WARN_BOOL_CONVERSION = YES;
				CLANG_WARN_COMMA = YES;
				CLANG_WARN_CONSTANT_CONVERSION = YES;
				CLANG_WARN_DEPRECATED_OBJC_IMPLEMENTATIONS = YES;
				CLANG_WARN_DIRECT_OBJC_ISA_USAGE = YES_ERROR;
				CLANG_WARN_DOCUMENTATION_COMMENTS = YES;
				CLANG_WARN_EMPTY_BODY = YES;
				CLANG_WARN_ENUM_CONVERSION = YES;
				CLANG_WARN_INFINITE_RECURSION = YES;
				CLANG_WARN_INT_CONVERSION = YES;
				CLANG_WARN_NON_LITERAL_NULL_CONVERSION = YES;
				CLANG_WARN_OBJC_IMPLICIT_RETAIN_SELF = YES;
				CLANG_WARN_OBJC_LITERAL_CONVERSION = YES;
				CLANG_WARN_OBJC_ROOT_CLASS = YES_ERROR;
				CLANG_WARN_QUOTED_INCLUDE_IN_FRAMEWORK_HEADER = YES;
				CLANG_WARN_RANGE_LOOP_ANALYSIS = YES;
				CLANG_WARN_STRICT_PROTOTYPES = YES;
				CLANG_WARN_SUSPICIOUS_MOVE = YES;
				CLANG_WARN_UNGUARDED_AVAILABILITY = YES_AGGRESSIVE;
				CLANG_WARN_UNREACHABLE_CODE = YES;
				CLANG_WARN__DUPLICATE_METHOD_MATCH = YES;
				COPY_PHASE_STRIP = NO;
				DEBUG_INFORMATION_FORMAT = "dwarf-with-dsym";
				ENABLE_NS_ASSERTIONS = NO;
				ENABLE_STRICT_OBJC_MSGSEND = YES;
				GCC_C_LANGUAGE_STANDARD = gnu11;
				GCC_NO_COMMON_BLOCKS = YES;
				GCC_WARN_64_TO_32_BIT_CONVERSION = YES;
				GCC_WARN_ABOUT_RETURN_TYPE = YES_ERROR;
				GCC_WARN_UNDECLARED_SELECTOR = YES;
				GCC_WARN_UNINITIALIZED_AUTOS = YES_AGGRESSIVE;
				GCC_WARN_UNUSED_FUNCTION = YES;
				GCC_WARN_UNUSED_VARIABLE = YES;
				IPHONEOS_DEPLOYMENT_TARGET = 14.0;
				MTL_ENABLE_DEBUG_INFO = NO;
				MTL_FAST_MATH = YES;
				SDKROOT = iphoneos;
				SWIFT_COMPILATION_MODE = wholemodule;
				SWIFT_OPTIMIZATION_LEVEL = "-O";
				VALIDATE_PRODUCT = YES;
			};
			name = Release;
		};
		354650B828C7AA0F00C647FB /* Debug */ = {
			isa = XCBuildConfiguration;
			baseConfigurationReference = D54D357C41CC5C7F4E117A0B /* Pods-Spotify.debug.xcconfig */;
			buildSettings = {
				ASSETCATALOG_COMPILER_APPICON_NAME = AppIcon;
				ASSETCATALOG_COMPILER_GLOBAL_ACCENT_COLOR_NAME = AccentColor;
				CODE_SIGN_STYLE = Automatic;
				CURRENT_PROJECT_VERSION = 1;
				DEVELOPMENT_TEAM = 93GUC69XMX;
				GENERATE_INFOPLIST_FILE = YES;
				INFOPLIST_FILE = Spotify/Info.plist;
				INFOPLIST_KEY_LSApplicationCategoryType = "public.app-category.music";
				INFOPLIST_KEY_UIApplicationSupportsIndirectInputEvents = YES;
				INFOPLIST_KEY_UILaunchStoryboardName = LaunchScreen;
				INFOPLIST_KEY_UIMainStoryboardFile = Main;
				INFOPLIST_KEY_UISupportedInterfaceOrientations_iPad = "UIInterfaceOrientationPortrait UIInterfaceOrientationPortraitUpsideDown UIInterfaceOrientationLandscapeLeft UIInterfaceOrientationLandscapeRight";
				INFOPLIST_KEY_UISupportedInterfaceOrientations_iPhone = "UIInterfaceOrientationPortrait UIInterfaceOrientationLandscapeLeft UIInterfaceOrientationLandscapeRight";
				IPHONEOS_DEPLOYMENT_TARGET = 14.0;
				LD_RUNPATH_SEARCH_PATHS = (
					"$(inherited)",
					"@executable_path/Frameworks",
				);
				MARKETING_VERSION = 1.0;
				PRODUCT_BUNDLE_IDENTIFIER = com.mukhtar.spotify;
				PRODUCT_NAME = "$(TARGET_NAME)";
				SWIFT_EMIT_LOC_STRINGS = YES;
				SWIFT_VERSION = 5.0;
				TARGETED_DEVICE_FAMILY = "1,2";
			};
			name = Debug;
		};
		354650B928C7AA0F00C647FB /* Release */ = {
			isa = XCBuildConfiguration;
			baseConfigurationReference = 27A12E816DA269D75885C41F /* Pods-Spotify.release.xcconfig */;
			buildSettings = {
				ASSETCATALOG_COMPILER_APPICON_NAME = AppIcon;
				ASSETCATALOG_COMPILER_GLOBAL_ACCENT_COLOR_NAME = AccentColor;
				CODE_SIGN_STYLE = Automatic;
				CURRENT_PROJECT_VERSION = 1;
				DEVELOPMENT_TEAM = 93GUC69XMX;
				GENERATE_INFOPLIST_FILE = YES;
				INFOPLIST_FILE = Spotify/Info.plist;
				INFOPLIST_KEY_LSApplicationCategoryType = "public.app-category.music";
				INFOPLIST_KEY_UIApplicationSupportsIndirectInputEvents = YES;
				INFOPLIST_KEY_UILaunchStoryboardName = LaunchScreen;
				INFOPLIST_KEY_UIMainStoryboardFile = Main;
				INFOPLIST_KEY_UISupportedInterfaceOrientations_iPad = "UIInterfaceOrientationPortrait UIInterfaceOrientationPortraitUpsideDown UIInterfaceOrientationLandscapeLeft UIInterfaceOrientationLandscapeRight";
				INFOPLIST_KEY_UISupportedInterfaceOrientations_iPhone = "UIInterfaceOrientationPortrait UIInterfaceOrientationLandscapeLeft UIInterfaceOrientationLandscapeRight";
				IPHONEOS_DEPLOYMENT_TARGET = 14.0;
				LD_RUNPATH_SEARCH_PATHS = (
					"$(inherited)",
					"@executable_path/Frameworks",
				);
				MARKETING_VERSION = 1.0;
				PRODUCT_BUNDLE_IDENTIFIER = com.mukhtar.spotify;
				PRODUCT_NAME = "$(TARGET_NAME)";
				SWIFT_EMIT_LOC_STRINGS = YES;
				SWIFT_VERSION = 5.0;
				TARGETED_DEVICE_FAMILY = "1,2";
			};
			name = Release;
		};
/* End XCBuildConfiguration section */

/* Begin XCConfigurationList section */
		3546509B28C7AA0D00C647FB /* Build configuration list for PBXProject "Spotify" */ = {
			isa = XCConfigurationList;
			buildConfigurations = (
				354650B528C7AA0F00C647FB /* Debug */,
				354650B628C7AA0F00C647FB /* Release */,
			);
			defaultConfigurationIsVisible = 0;
			defaultConfigurationName = Release;
		};
		354650B728C7AA0F00C647FB /* Build configuration list for PBXNativeTarget "Spotify" */ = {
			isa = XCConfigurationList;
			buildConfigurations = (
				354650B828C7AA0F00C647FB /* Debug */,
				354650B928C7AA0F00C647FB /* Release */,
			);
			defaultConfigurationIsVisible = 0;
			defaultConfigurationName = Release;
		};
/* End XCConfigurationList section */

/* Begin XCVersionGroup section */
		354650AC28C7AA0D00C647FB /* Spotify.xcdatamodeld */ = {
			isa = XCVersionGroup;
			children = (
				354650AD28C7AA0D00C647FB /* Spotify.xcdatamodel */,
			);
			currentVersion = 354650AD28C7AA0D00C647FB /* Spotify.xcdatamodel */;
			path = Spotify.xcdatamodeld;
			sourceTree = "<group>";
			versionGroupType = wrapper.xcdatamodel;
		};
/* End XCVersionGroup section */
	};
	rootObject = 3546509828C7AA0D00C647FB /* Project object */;
}
